{
  "object": {
    "pins": [
      {
        "package": "PhotoScrollerSwiftPackage",
        "repositoryURL": "/Volumes/Data/git/PhotoScrollerSwiftPackage",
        "state": {
          "branch": null,
          "revision": "e633f15bd86ac2eec8c262a0ec197307581a913b",
          "version": "0.1.0"
        }
      }
    ]
  },
  "version": 1
}
