{
  "object": {
    "pins": [
      {
        "package": "PhotoScrollerSwiftPackage",
        "repositoryURL": "/Volumes/Data/git/PhotoScrollerSwiftPackage",
        "state": {
          "branch": null,
          "revision": "eccf6e34ff12f146a6d95b0bc768d397ff95f9d6",
          "version": "0.2.0"
        }
      }
    ]
  },
  "version": 1
}
